
Microsoft Visual Studio Solution File, Format Version 12.00
# Visual Studio Version 16
VisualStudioVersion = 16.0.29806.167
MinimumVisualStudioVersion = 10.0.40219.1
Project("{FAE04EC0-301F-11D3-BF4B-00C04F79EFBC}") = "CoreWebApi", "CoreWebApi\CoreWebApi.csproj", "{B8704C24-CEA7-4F35-B494-09E84EDDB780}"
EndProject
Global
	GlobalSection(SolutionConfigurationPlatforms) = preSolution
		Debug|Any CPU = Debug|Any CPU
		Release|Any CPU = Release|Any CPU
	EndGlobalSection
	GlobalSection(ProjectConfigurationPlatforms) = postSolution
		{B8704C24-CEA7-4F35-B494-09E84EDDB780}.Debug|Any CPU.ActiveCfg = Debug|Any CPU
		{B8704C24-CEA7-4F35-B494-09E84EDDB780}.Debug|Any CPU.Build.0 = Debug|Any CPU
		{B8704C24-CEA7-4F35-B494-09E84EDDB780}.Release|Any CPU.ActiveCfg = Release|Any CPU
		{B8704C24-CEA7-4F35-B494-09E84EDDB780}.Release|Any CPU.Build.0 = Release|Any CPU
	EndGlobalSection
	GlobalSection(SolutionProperties) = preSolution
		HideSolutionNode = FALSE
	EndGlobalSection
	GlobalSection(ExtensibilityGlobals) = postSolution
		SolutionGuid = {0599BEFE-43E1-4E64-A78B-5F6C9850EF1B}
	EndGlobalSection
EndGlobal
